// !$*UTF8*$!
{
	archiveVersion = 1;
	classes = {
	};
	objectVersion = 50;
	objects = {

/* Begin PBXBuildFile section */
		2CD8665B4BC055986E6D979A /* Pods_iOS_movie_project.framework in Frameworks */ = {isa = PBXBuildFile; fileRef = 497CB591ABCDB33D4F64FC03 /* Pods_iOS_movie_project.framework */; };
		920D33F022BED1AD0090AA3A /* MovieViewCell.swift in Sources */ = {isa = PBXBuildFile; fileRef = 920D33EE22BED1AD0090AA3A /* MovieViewCell.swift */; };
		920D33F122BED1AD0090AA3A /* MovieViewCell.xib in Resources */ = {isa = PBXBuildFile; fileRef = 920D33EF22BED1AD0090AA3A /* MovieViewCell.xib */; };
		920D33F322BEDCCC0090AA3A /* UIColor.swift in Sources */ = {isa = PBXBuildFile; fileRef = 920D33F222BEDCCC0090AA3A /* UIColor.swift */; };
		9224F60122C1B9E000592848 /* MovieViewController.swift in Sources */ = {isa = PBXBuildFile; fileRef = 9224F60022C1B9E000592848 /* MovieViewController.swift */; };
		9224F60322C1BC1000592848 /* SearchViewController.swift in Sources */ = {isa = PBXBuildFile; fileRef = 9224F60222C1BC1000592848 /* SearchViewController.swift */; };
		9224F60522C1CF7A00592848 /* PersonViewController.swift in Sources */ = {isa = PBXBuildFile; fileRef = 9224F60422C1CF7A00592848 /* PersonViewController.swift */; };
		922D7BA722B3284C005CFF4F /* AppDelegate.swift in Sources */ = {isa = PBXBuildFile; fileRef = 922D7BA622B3284C005CFF4F /* AppDelegate.swift */; };
		922D7BAC22B3284C005CFF4F /* Main.storyboard in Resources */ = {isa = PBXBuildFile; fileRef = 922D7BAA22B3284C005CFF4F /* Main.storyboard */; };
		922D7BAE22B3284F005CFF4F /* Assets.xcassets in Resources */ = {isa = PBXBuildFile; fileRef = 922D7BAD22B3284F005CFF4F /* Assets.xcassets */; };
		922D7BB122B3284F005CFF4F /* LaunchScreen.storyboard in Resources */ = {isa = PBXBuildFile; fileRef = 922D7BAF22B3284F005CFF4F /* LaunchScreen.storyboard */; };
		922D7BBD22B32E5A005CFF4F /* ApiManager.swift in Sources */ = {isa = PBXBuildFile; fileRef = 922D7BBC22B32E5A005CFF4F /* ApiManager.swift */; };
		92437C3222C44C9A00917AF9 /* UIViewController.swift in Sources */ = {isa = PBXBuildFile; fileRef = 92437C3122C44C9A00917AF9 /* UIViewController.swift */; };
		9250B8B822C9682200A8F912 /* SectionHeaderView.swift in Sources */ = {isa = PBXBuildFile; fileRef = 9250B8B622C9682200A8F912 /* SectionHeaderView.swift */; };
		9250B8B922C9682200A8F912 /* SectionHeaderView.xib in Resources */ = {isa = PBXBuildFile; fileRef = 9250B8B722C9682200A8F912 /* SectionHeaderView.xib */; };
		9250B8C022C97C5900A8F912 /* CollectionRowTableViewCell.swift in Sources */ = {isa = PBXBuildFile; fileRef = 9250B8BE22C97C5900A8F912 /* CollectionRowTableViewCell.swift */; };
		9250B8C122C97C5900A8F912 /* CollectionRowTableViewCell.xib in Resources */ = {isa = PBXBuildFile; fileRef = 9250B8BF22C97C5900A8F912 /* CollectionRowTableViewCell.xib */; };
		9250B8C322C9AF0600A8F912 /* CollectionRowProtocol.swift in Sources */ = {isa = PBXBuildFile; fileRef = 9250B8C222C9AF0600A8F912 /* CollectionRowProtocol.swift */; };
		9250B8C522C9BB7900A8F912 /* CustomReleaseDateTransform.swift in Sources */ = {isa = PBXBuildFile; fileRef = 9250B8C422C9BB7900A8F912 /* CustomReleaseDateTransform.swift */; };
		9250B8C722C9BFD000A8F912 /* Date.swift in Sources */ = {isa = PBXBuildFile; fileRef = 9250B8C622C9BFD000A8F912 /* Date.swift */; };
		9257B78822BC56A600DAFFE4 /* Member.swift in Sources */ = {isa = PBXBuildFile; fileRef = 9257B78722BC56A600DAFFE4 /* Member.swift */; };
		9257B78A22BC56B800DAFFE4 /* CrewMember.swift in Sources */ = {isa = PBXBuildFile; fileRef = 9257B78922BC56B800DAFFE4 /* CrewMember.swift */; };
		9257B78C22BC56C800DAFFE4 /* Participation.swift in Sources */ = {isa = PBXBuildFile; fileRef = 9257B78B22BC56C800DAFFE4 /* Participation.swift */; };
		9257B78E22BC56D800DAFFE4 /* ParticipationAsCrew.swift in Sources */ = {isa = PBXBuildFile; fileRef = 9257B78D22BC56D800DAFFE4 /* ParticipationAsCrew.swift */; };
		926BB5E122BF395C00F8747E /* PersonViewCell.swift in Sources */ = {isa = PBXBuildFile; fileRef = 926BB5DF22BF395C00F8747E /* PersonViewCell.swift */; };
		926BB5E222BF395C00F8747E /* PersonViewCell.xib in Resources */ = {isa = PBXBuildFile; fileRef = 926BB5E022BF395C00F8747E /* PersonViewCell.xib */; };
		928D041D22B60D4A00F18893 /* Person.swift in Sources */ = {isa = PBXBuildFile; fileRef = 928D041C22B60D4A00F18893 /* Person.swift */; };
		928D041F22B60E3400F18893 /* Movie.swift in Sources */ = {isa = PBXBuildFile; fileRef = 928D041E22B60E3400F18893 /* Movie.swift */; };
		928D042122B7283800F18893 /* MoviePreview.swift in Sources */ = {isa = PBXBuildFile; fileRef = 928D042022B7283800F18893 /* MoviePreview.swift */; };
		928D042322B72A1100F18893 /* CastMember.swift in Sources */ = {isa = PBXBuildFile; fileRef = 928D042222B72A1100F18893 /* CastMember.swift */; };
		928D042522B72AF700F18893 /* ParticipationAsCast.swift in Sources */ = {isa = PBXBuildFile; fileRef = 928D042422B72AF700F18893 /* ParticipationAsCast.swift */; };
		928D042722B72BCF00F18893 /* PersonPreview.swift in Sources */ = {isa = PBXBuildFile; fileRef = 928D042622B72BCF00F18893 /* PersonPreview.swift */; };
		92D1948322C2FCDB001EF117 /* ResultsViewController.swift in Sources */ = {isa = PBXBuildFile; fileRef = 92D1948222C2FCDB001EF117 /* ResultsViewController.swift */; };
		92D1948522C2FD26001EF117 /* PopularViewController.swift in Sources */ = {isa = PBXBuildFile; fileRef = 92D1948422C2FD26001EF117 /* PopularViewController.swift */; };
/* End PBXBuildFile section */

/* Begin PBXFileReference section */
		391A37DA8864940DEB62A650 /* Pods-iOS-movie-project.release.xcconfig */ = {isa = PBXFileReference; includeInIndex = 1; lastKnownFileType = text.xcconfig; name = "Pods-iOS-movie-project.release.xcconfig"; path = "Pods/Target Support Files/Pods-iOS-movie-project/Pods-iOS-movie-project.release.xcconfig"; sourceTree = "<group>"; };
		497CB591ABCDB33D4F64FC03 /* Pods_iOS_movie_project.framework */ = {isa = PBXFileReference; explicitFileType = wrapper.framework; includeInIndex = 0; path = Pods_iOS_movie_project.framework; sourceTree = BUILT_PRODUCTS_DIR; };
		586C72C33BEC449B1582B2B3 /* Pods-iOS-movie-project.debug.xcconfig */ = {isa = PBXFileReference; includeInIndex = 1; lastKnownFileType = text.xcconfig; name = "Pods-iOS-movie-project.debug.xcconfig"; path = "Pods/Target Support Files/Pods-iOS-movie-project/Pods-iOS-movie-project.debug.xcconfig"; sourceTree = "<group>"; };
		920D33EE22BED1AD0090AA3A /* MovieViewCell.swift */ = {isa = PBXFileReference; lastKnownFileType = sourcecode.swift; path = MovieViewCell.swift; sourceTree = "<group>"; };
		920D33EF22BED1AD0090AA3A /* MovieViewCell.xib */ = {isa = PBXFileReference; lastKnownFileType = file.xib; path = MovieViewCell.xib; sourceTree = "<group>"; };
		920D33F222BEDCCC0090AA3A /* UIColor.swift */ = {isa = PBXFileReference; lastKnownFileType = sourcecode.swift; path = UIColor.swift; sourceTree = "<group>"; };
		9224F60022C1B9E000592848 /* MovieViewController.swift */ = {isa = PBXFileReference; lastKnownFileType = sourcecode.swift; path = MovieViewController.swift; sourceTree = "<group>"; };
		9224F60222C1BC1000592848 /* SearchViewController.swift */ = {isa = PBXFileReference; lastKnownFileType = sourcecode.swift; path = SearchViewController.swift; sourceTree = "<group>"; };
		9224F60422C1CF7A00592848 /* PersonViewController.swift */ = {isa = PBXFileReference; lastKnownFileType = sourcecode.swift; path = PersonViewController.swift; sourceTree = "<group>"; };
		922D7BA322B3284C005CFF4F /* iOS-movie-project.app */ = {isa = PBXFileReference; explicitFileType = wrapper.application; includeInIndex = 0; path = "iOS-movie-project.app"; sourceTree = BUILT_PRODUCTS_DIR; };
		922D7BA622B3284C005CFF4F /* AppDelegate.swift */ = {isa = PBXFileReference; lastKnownFileType = sourcecode.swift; path = AppDelegate.swift; sourceTree = "<group>"; };
		922D7BAB22B3284C005CFF4F /* Base */ = {isa = PBXFileReference; lastKnownFileType = file.storyboard; name = Base; path = Base.lproj/Main.storyboard; sourceTree = "<group>"; };
		922D7BAD22B3284F005CFF4F /* Assets.xcassets */ = {isa = PBXFileReference; lastKnownFileType = folder.assetcatalog; path = Assets.xcassets; sourceTree = "<group>"; };
		922D7BB022B3284F005CFF4F /* Base */ = {isa = PBXFileReference; lastKnownFileType = file.storyboard; name = Base; path = Base.lproj/LaunchScreen.storyboard; sourceTree = "<group>"; };
		922D7BB222B3284F005CFF4F /* Info.plist */ = {isa = PBXFileReference; lastKnownFileType = text.plist.xml; path = Info.plist; sourceTree = "<group>"; };
		922D7BBC22B32E5A005CFF4F /* ApiManager.swift */ = {isa = PBXFileReference; lastKnownFileType = sourcecode.swift; path = ApiManager.swift; sourceTree = "<group>"; };
		92437C3122C44C9A00917AF9 /* UIViewController.swift */ = {isa = PBXFileReference; lastKnownFileType = sourcecode.swift; path = UIViewController.swift; sourceTree = "<group>"; };
		9250B8B622C9682200A8F912 /* SectionHeaderView.swift */ = {isa = PBXFileReference; lastKnownFileType = sourcecode.swift; path = SectionHeaderView.swift; sourceTree = "<group>"; };
		9250B8B722C9682200A8F912 /* SectionHeaderView.xib */ = {isa = PBXFileReference; lastKnownFileType = file.xib; path = SectionHeaderView.xib; sourceTree = "<group>"; };
		9250B8BE22C97C5900A8F912 /* CollectionRowTableViewCell.swift */ = {isa = PBXFileReference; lastKnownFileType = sourcecode.swift; path = CollectionRowTableViewCell.swift; sourceTree = "<group>"; };
		9250B8BF22C97C5900A8F912 /* CollectionRowTableViewCell.xib */ = {isa = PBXFileReference; lastKnownFileType = file.xib; path = CollectionRowTableViewCell.xib; sourceTree = "<group>"; };
		9250B8C222C9AF0600A8F912 /* CollectionRowProtocol.swift */ = {isa = PBXFileReference; lastKnownFileType = sourcecode.swift; path = CollectionRowProtocol.swift; sourceTree = "<group>"; };
		9250B8C422C9BB7900A8F912 /* CustomReleaseDateTransform.swift */ = {isa = PBXFileReference; lastKnownFileType = sourcecode.swift; path = CustomReleaseDateTransform.swift; sourceTree = "<group>"; };
		9250B8C622C9BFD000A8F912 /* Date.swift */ = {isa = PBXFileReference; lastKnownFileType = sourcecode.swift; path = Date.swift; sourceTree = "<group>"; };
		9257B78722BC56A600DAFFE4 /* Member.swift */ = {isa = PBXFileReference; lastKnownFileType = sourcecode.swift; path = Member.swift; sourceTree = "<group>"; };
		9257B78922BC56B800DAFFE4 /* CrewMember.swift */ = {isa = PBXFileReference; lastKnownFileType = sourcecode.swift; path = CrewMember.swift; sourceTree = "<group>"; };
		9257B78B22BC56C800DAFFE4 /* Participation.swift */ = {isa = PBXFileReference; lastKnownFileType = sourcecode.swift; path = Participation.swift; sourceTree = "<group>"; };
		9257B78D22BC56D800DAFFE4 /* ParticipationAsCrew.swift */ = {isa = PBXFileReference; lastKnownFileType = sourcecode.swift; path = ParticipationAsCrew.swift; sourceTree = "<group>"; };
		926BB5DF22BF395C00F8747E /* PersonViewCell.swift */ = {isa = PBXFileReference; lastKnownFileType = sourcecode.swift; path = PersonViewCell.swift; sourceTree = "<group>"; };
		926BB5E022BF395C00F8747E /* PersonViewCell.xib */ = {isa = PBXFileReference; lastKnownFileType = file.xib; path = PersonViewCell.xib; sourceTree = "<group>"; };
		928D041C22B60D4A00F18893 /* Person.swift */ = {isa = PBXFileReference; lastKnownFileType = sourcecode.swift; path = Person.swift; sourceTree = "<group>"; };
		928D041E22B60E3400F18893 /* Movie.swift */ = {isa = PBXFileReference; lastKnownFileType = sourcecode.swift; path = Movie.swift; sourceTree = "<group>"; };
		928D042022B7283800F18893 /* MoviePreview.swift */ = {isa = PBXFileReference; lastKnownFileType = sourcecode.swift; path = MoviePreview.swift; sourceTree = "<group>"; };
		928D042222B72A1100F18893 /* CastMember.swift */ = {isa = PBXFileReference; lastKnownFileType = sourcecode.swift; path = CastMember.swift; sourceTree = "<group>"; };
		928D042422B72AF700F18893 /* ParticipationAsCast.swift */ = {isa = PBXFileReference; lastKnownFileType = sourcecode.swift; path = ParticipationAsCast.swift; sourceTree = "<group>"; };
		928D042622B72BCF00F18893 /* PersonPreview.swift */ = {isa = PBXFileReference; lastKnownFileType = sourcecode.swift; path = PersonPreview.swift; sourceTree = "<group>"; };
		92D1948222C2FCDB001EF117 /* ResultsViewController.swift */ = {isa = PBXFileReference; lastKnownFileType = sourcecode.swift; path = ResultsViewController.swift; sourceTree = "<group>"; };
		92D1948422C2FD26001EF117 /* PopularViewController.swift */ = {isa = PBXFileReference; lastKnownFileType = sourcecode.swift; path = PopularViewController.swift; sourceTree = "<group>"; };
/* End PBXFileReference section */

/* Begin PBXFrameworksBuildPhase section */
		922D7BA022B3284C005CFF4F /* Frameworks */ = {
			isa = PBXFrameworksBuildPhase;
			buildActionMask = 2147483647;
			files = (
				2CD8665B4BC055986E6D979A /* Pods_iOS_movie_project.framework in Frameworks */,
			);
			runOnlyForDeploymentPostprocessing = 0;
		};
/* End PBXFrameworksBuildPhase section */

/* Begin PBXGroup section */
		04C47BF79EEF8C872A5A2C9F /* Frameworks */ = {
			isa = PBXGroup;
			children = (
				497CB591ABCDB33D4F64FC03 /* Pods_iOS_movie_project.framework */,
			);
			name = Frameworks;
			sourceTree = "<group>";
		};
		86057F32EF3036430EA05DAF /* Pods */ = {
			isa = PBXGroup;
			children = (
				586C72C33BEC449B1582B2B3 /* Pods-iOS-movie-project.debug.xcconfig */,
				391A37DA8864940DEB62A650 /* Pods-iOS-movie-project.release.xcconfig */,
			);
			name = Pods;
			sourceTree = "<group>";
		};
		922D7B9A22B3284C005CFF4F = {
			isa = PBXGroup;
			children = (
				922D7BA522B3284C005CFF4F /* iOS-movie-project */,
				922D7BA422B3284C005CFF4F /* Products */,
				86057F32EF3036430EA05DAF /* Pods */,
				04C47BF79EEF8C872A5A2C9F /* Frameworks */,
			);
			sourceTree = "<group>";
		};
		922D7BA422B3284C005CFF4F /* Products */ = {
			isa = PBXGroup;
			children = (
				922D7BA322B3284C005CFF4F /* iOS-movie-project.app */,
			);
			name = Products;
			sourceTree = "<group>";
		};
		922D7BA522B3284C005CFF4F /* iOS-movie-project */ = {
			isa = PBXGroup;
			children = (
				922D7BB222B3284F005CFF4F /* Info.plist */,
				922D7BA622B3284C005CFF4F /* AppDelegate.swift */,
				922D7BAD22B3284F005CFF4F /* Assets.xcassets */,
				922D7BB922B32CDE005CFF4F /* Controllers */,
				922D7BBA22B32CE8005CFF4F /* Models */,
				922D7BBB22B32E01005CFF4F /* Protocols */,
				922D7BBE22B32F61005CFF4F /* Utils */,
				922D7BB822B32CD1005CFF4F /* Views */,
			);
			path = "iOS-movie-project";
			sourceTree = "<group>";
		};
		922D7BB822B32CD1005CFF4F /* Views */ = {
			isa = PBXGroup;
			children = (
				922D7BAA22B3284C005CFF4F /* Main.storyboard */,
				922D7BAF22B3284F005CFF4F /* LaunchScreen.storyboard */,
				920D33EE22BED1AD0090AA3A /* MovieViewCell.swift */,
				920D33EF22BED1AD0090AA3A /* MovieViewCell.xib */,
				926BB5DF22BF395C00F8747E /* PersonViewCell.swift */,
				926BB5E022BF395C00F8747E /* PersonViewCell.xib */,
				9250B8B622C9682200A8F912 /* SectionHeaderView.swift */,
				9250B8B722C9682200A8F912 /* SectionHeaderView.xib */,
				9250B8BE22C97C5900A8F912 /* CollectionRowTableViewCell.swift */,
				9250B8BF22C97C5900A8F912 /* CollectionRowTableViewCell.xib */,
			);
			path = Views;
			sourceTree = "<group>";
		};
		922D7BB922B32CDE005CFF4F /* Controllers */ = {
			isa = PBXGroup;
			children = (
				9224F60022C1B9E000592848 /* MovieViewController.swift */,
				9224F60222C1BC1000592848 /* SearchViewController.swift */,
				9224F60422C1CF7A00592848 /* PersonViewController.swift */,
				92D1948222C2FCDB001EF117 /* ResultsViewController.swift */,
				92D1948422C2FD26001EF117 /* PopularViewController.swift */,
			);
			path = Controllers;
			sourceTree = "<group>";
		};
		922D7BBA22B32CE8005CFF4F /* Models */ = {
			isa = PBXGroup;
			children = (
				922D7BBC22B32E5A005CFF4F /* ApiManager.swift */,
				928D042222B72A1100F18893 /* CastMember.swift */,
				9257B78922BC56B800DAFFE4 /* CrewMember.swift */,
				9257B78722BC56A600DAFFE4 /* Member.swift */,
				928D041E22B60E3400F18893 /* Movie.swift */,
				928D042022B7283800F18893 /* MoviePreview.swift */,
				9257B78B22BC56C800DAFFE4 /* Participation.swift */,
				928D042422B72AF700F18893 /* ParticipationAsCast.swift */,
				9257B78D22BC56D800DAFFE4 /* ParticipationAsCrew.swift */,
				928D041C22B60D4A00F18893 /* Person.swift */,
				928D042622B72BCF00F18893 /* PersonPreview.swift */,
			);
			path = Models;
			sourceTree = "<group>";
		};
		922D7BBB22B32E01005CFF4F /* Protocols */ = {
			isa = PBXGroup;
			children = (
				9250B8C222C9AF0600A8F912 /* CollectionRowProtocol.swift */,
			);
			path = Protocols;
			sourceTree = "<group>";
		};
		922D7BBE22B32F61005CFF4F /* Utils */ = {
			isa = PBXGroup;
			children = (
				920D33F222BEDCCC0090AA3A /* UIColor.swift */,
				92437C3122C44C9A00917AF9 /* UIViewController.swift */,
				9250B8C422C9BB7900A8F912 /* CustomReleaseDateTransform.swift */,
				9250B8C622C9BFD000A8F912 /* Date.swift */,
			);
			path = Utils;
			sourceTree = "<group>";
		};
/* End PBXGroup section */

/* Begin PBXNativeTarget section */
		922D7BA222B3284C005CFF4F /* iOS-movie-project */ = {
			isa = PBXNativeTarget;
			buildConfigurationList = 922D7BB522B3284F005CFF4F /* Build configuration list for PBXNativeTarget "iOS-movie-project" */;
			buildPhases = (
				8CE8A7EC2297FE2DD3080BEB /* [CP] Check Pods Manifest.lock */,
				922D7B9F22B3284C005CFF4F /* Sources */,
				922D7BA022B3284C005CFF4F /* Frameworks */,
				922D7BA122B3284C005CFF4F /* Resources */,
				9BB2FD3E550875C6788287E1 /* [CP] Embed Pods Frameworks */,
			);
			buildRules = (
			);
			dependencies = (
			);
			name = "iOS-movie-project";
			productName = "iOS-movie-project";
			productReference = 922D7BA322B3284C005CFF4F /* iOS-movie-project.app */;
			productType = "com.apple.product-type.application";
		};
/* End PBXNativeTarget section */

/* Begin PBXProject section */
		922D7B9B22B3284C005CFF4F /* Project object */ = {
			isa = PBXProject;
			attributes = {
				LastSwiftUpdateCheck = 1020;
				LastUpgradeCheck = 1020;
				ORGANIZATIONNAME = "Manuel Barral";
				TargetAttributes = {
					922D7BA222B3284C005CFF4F = {
						CreatedOnToolsVersion = 10.2.1;
					};
				};
			};
			buildConfigurationList = 922D7B9E22B3284C005CFF4F /* Build configuration list for PBXProject "iOS-movie-project" */;
			compatibilityVersion = "Xcode 9.3";
			developmentRegion = en;
			hasScannedForEncodings = 0;
			knownRegions = (
				en,
				Base,
			);
			mainGroup = 922D7B9A22B3284C005CFF4F;
			productRefGroup = 922D7BA422B3284C005CFF4F /* Products */;
			projectDirPath = "";
			projectRoot = "";
			targets = (
				922D7BA222B3284C005CFF4F /* iOS-movie-project */,
			);
		};
/* End PBXProject section */

/* Begin PBXResourcesBuildPhase section */
		922D7BA122B3284C005CFF4F /* Resources */ = {
			isa = PBXResourcesBuildPhase;
			buildActionMask = 2147483647;
			files = (
				922D7BB122B3284F005CFF4F /* LaunchScreen.storyboard in Resources */,
				9250B8B922C9682200A8F912 /* SectionHeaderView.xib in Resources */,
				920D33F122BED1AD0090AA3A /* MovieViewCell.xib in Resources */,
				9250B8C122C97C5900A8F912 /* CollectionRowTableViewCell.xib in Resources */,
				922D7BAE22B3284F005CFF4F /* Assets.xcassets in Resources */,
				922D7BAC22B3284C005CFF4F /* Main.storyboard in Resources */,
				926BB5E222BF395C00F8747E /* PersonViewCell.xib in Resources */,
			);
			runOnlyForDeploymentPostprocessing = 0;
		};
/* End PBXResourcesBuildPhase section */

/* Begin PBXShellScriptBuildPhase section */
		8CE8A7EC2297FE2DD3080BEB /* [CP] Check Pods Manifest.lock */ = {
			isa = PBXShellScriptBuildPhase;
			buildActionMask = 2147483647;
			files = (
			);
			inputPaths = (
				"${PODS_PODFILE_DIR_PATH}/Podfile.lock",
				"${PODS_ROOT}/Manifest.lock",
			);
			name = "[CP] Check Pods Manifest.lock";
			outputPaths = (
				"$(DERIVED_FILE_DIR)/Pods-iOS-movie-project-checkManifestLockResult.txt",
			);
			runOnlyForDeploymentPostprocessing = 0;
			shellPath = /bin/sh;
			shellScript = "diff \"${PODS_PODFILE_DIR_PATH}/Podfile.lock\" \"${PODS_ROOT}/Manifest.lock\" > /dev/null\nif [ $? != 0 ] ; then\n    # print error to STDERR\n    echo \"error: The sandbox is not in sync with the Podfile.lock. Run 'pod install' or update your CocoaPods installation.\" >&2\n    exit 1\nfi\n# This output is used by Xcode 'outputs' to avoid re-running this script phase.\necho \"SUCCESS\" > \"${SCRIPT_OUTPUT_FILE_0}\"\n";
			showEnvVarsInLog = 0;
		};
		9BB2FD3E550875C6788287E1 /* [CP] Embed Pods Frameworks */ = {
			isa = PBXShellScriptBuildPhase;
			buildActionMask = 2147483647;
			files = (
			);
			inputPaths = (
				"${SRCROOT}/Pods/Target Support Files/Pods-iOS-movie-project/Pods-iOS-movie-project-frameworks.sh",
				"${BUILT_PRODUCTS_DIR}/Alamofire/Alamofire.framework",
				"${BUILT_PRODUCTS_DIR}/AlamofireObjectMapper/AlamofireObjectMapper.framework",
				"${BUILT_PRODUCTS_DIR}/Kingfisher/Kingfisher.framework",
				"${BUILT_PRODUCTS_DIR}/ObjectMapper/ObjectMapper.framework",
			);
			name = "[CP] Embed Pods Frameworks";
			outputPaths = (
				"${TARGET_BUILD_DIR}/${FRAMEWORKS_FOLDER_PATH}/Alamofire.framework",
				"${TARGET_BUILD_DIR}/${FRAMEWORKS_FOLDER_PATH}/AlamofireObjectMapper.framework",
				"${TARGET_BUILD_DIR}/${FRAMEWORKS_FOLDER_PATH}/Kingfisher.framework",
				"${TARGET_BUILD_DIR}/${FRAMEWORKS_FOLDER_PATH}/ObjectMapper.framework",
			);
			runOnlyForDeploymentPostprocessing = 0;
			shellPath = /bin/sh;
			shellScript = "\"${SRCROOT}/Pods/Target Support Files/Pods-iOS-movie-project/Pods-iOS-movie-project-frameworks.sh\"\n";
			showEnvVarsInLog = 0;
		};
/* End PBXShellScriptBuildPhase section */

/* Begin PBXSourcesBuildPhase section */
		922D7B9F22B3284C005CFF4F /* Sources */ = {
			isa = PBXSourcesBuildPhase;
			buildActionMask = 2147483647;
			files = (
				9257B78E22BC56D800DAFFE4 /* ParticipationAsCrew.swift in Sources */,
				9257B78A22BC56B800DAFFE4 /* CrewMember.swift in Sources */,
				920D33F022BED1AD0090AA3A /* MovieViewCell.swift in Sources */,
				92D1948322C2FCDB001EF117 /* ResultsViewController.swift in Sources */,
				926BB5E122BF395C00F8747E /* PersonViewCell.swift in Sources */,
				9224F60322C1BC1000592848 /* SearchViewController.swift in Sources */,
				928D041F22B60E3400F18893 /* Movie.swift in Sources */,
				9224F60122C1B9E000592848 /* MovieViewController.swift in Sources */,
				928D042322B72A1100F18893 /* CastMember.swift in Sources */,
				920D33F322BEDCCC0090AA3A /* UIColor.swift in Sources */,
				928D041D22B60D4A00F18893 /* Person.swift in Sources */,
				9250B8C722C9BFD000A8F912 /* Date.swift in Sources */,
				922D7BBD22B32E5A005CFF4F /* ApiManager.swift in Sources */,
				9250B8C022C97C5900A8F912 /* CollectionRowTableViewCell.swift in Sources */,
				922D7BA722B3284C005CFF4F /* AppDelegate.swift in Sources */,
				92437C3222C44C9A00917AF9 /* UIViewController.swift in Sources */,
				9257B78822BC56A600DAFFE4 /* Member.swift in Sources */,
				9224F60522C1CF7A00592848 /* PersonViewController.swift in Sources */,
				928D042522B72AF700F18893 /* ParticipationAsCast.swift in Sources */,
				9250B8B822C9682200A8F912 /* SectionHeaderView.swift in Sources */,
				9250B8C522C9BB7900A8F912 /* CustomReleaseDateTransform.swift in Sources */,
				9250B8C322C9AF0600A8F912 /* CollectionRowProtocol.swift in Sources */,
				9257B78C22BC56C800DAFFE4 /* Participation.swift in Sources */,
				92D1948522C2FD26001EF117 /* PopularViewController.swift in Sources */,
				928D042722B72BCF00F18893 /* PersonPreview.swift in Sources */,
				928D042122B7283800F18893 /* MoviePreview.swift in Sources */,
			);
			runOnlyForDeploymentPostprocessing = 0;
		};
/* End PBXSourcesBuildPhase section */

/* Begin PBXVariantGroup section */
		922D7BAA22B3284C005CFF4F /* Main.storyboard */ = {
			isa = PBXVariantGroup;
			children = (
				922D7BAB22B3284C005CFF4F /* Base */,
			);
			name = Main.storyboard;
			sourceTree = "<group>";
		};
		922D7BAF22B3284F005CFF4F /* LaunchScreen.storyboard */ = {
			isa = PBXVariantGroup;
			children = (
				922D7BB022B3284F005CFF4F /* Base */,
			);
			name = LaunchScreen.storyboard;
			sourceTree = "<group>";
		};
/* End PBXVariantGroup section */

/* Begin XCBuildConfiguration section */
		922D7BB322B3284F005CFF4F /* Debug */ = {
			isa = XCBuildConfiguration;
			buildSettings = {
				ALWAYS_SEARCH_USER_PATHS = NO;
				CLANG_ANALYZER_NONNULL = YES;
				CLANG_ANALYZER_NUMBER_OBJECT_CONVERSION = YES_AGGRESSIVE;
				CLANG_CXX_LANGUAGE_STANDARD = "gnu++14";
				CLANG_CXX_LIBRARY = "libc++";
				CLANG_ENABLE_MODULES = YES;
				CLANG_ENABLE_OBJC_ARC = YES;
				CLANG_ENABLE_OBJC_WEAK = YES;
				CLANG_WARN_BLOCK_CAPTURE_AUTORELEASING = YES;
				CLANG_WARN_BOOL_CONVERSION = YES;
				CLANG_WARN_COMMA = YES;
				CLANG_WARN_CONSTANT_CONVERSION = YES;
				CLANG_WARN_DEPRECATED_OBJC_IMPLEMENTATIONS = YES;
				CLANG_WARN_DIRECT_OBJC_ISA_USAGE = YES_ERROR;
				CLANG_WARN_DOCUMENTATION_COMMENTS = YES;
				CLANG_WARN_EMPTY_BODY = YES;
				CLANG_WARN_ENUM_CONVERSION = YES;
				CLANG_WARN_INFINITE_RECURSION = YES;
				CLANG_WARN_INT_CONVERSION = YES;
				CLANG_WARN_NON_LITERAL_NULL_CONVERSION = YES;
				CLANG_WARN_OBJC_IMPLICIT_RETAIN_SELF = YES;
				CLANG_WARN_OBJC_LITERAL_CONVERSION = YES;
				CLANG_WARN_OBJC_ROOT_CLASS = YES_ERROR;
				CLANG_WARN_RANGE_LOOP_ANALYSIS = YES;
				CLANG_WARN_STRICT_PROTOTYPES = YES;
				CLANG_WARN_SUSPICIOUS_MOVE = YES;
				CLANG_WARN_UNGUARDED_AVAILABILITY = YES_AGGRESSIVE;
				CLANG_WARN_UNREACHABLE_CODE = YES;
				CLANG_WARN__DUPLICATE_METHOD_MATCH = YES;
				CODE_SIGN_IDENTITY = "iPhone Developer";
				COPY_PHASE_STRIP = NO;
				DEBUG_INFORMATION_FORMAT = dwarf;
				ENABLE_STRICT_OBJC_MSGSEND = YES;
				ENABLE_TESTABILITY = YES;
				GCC_C_LANGUAGE_STANDARD = gnu11;
				GCC_DYNAMIC_NO_PIC = NO;
				GCC_NO_COMMON_BLOCKS = YES;
				GCC_OPTIMIZATION_LEVEL = 0;
				GCC_PREPROCESSOR_DEFINITIONS = (
					"DEBUG=1",
					"$(inherited)",
				);
				GCC_WARN_64_TO_32_BIT_CONVERSION = YES;
				GCC_WARN_ABOUT_RETURN_TYPE = YES_ERROR;
				GCC_WARN_UNDECLARED_SELECTOR = YES;
				GCC_WARN_UNINITIALIZED_AUTOS = YES_AGGRESSIVE;
				GCC_WARN_UNUSED_FUNCTION = YES;
				GCC_WARN_UNUSED_VARIABLE = YES;
				IPHONEOS_DEPLOYMENT_TARGET = 12.2;
				MTL_ENABLE_DEBUG_INFO = INCLUDE_SOURCE;
				MTL_FAST_MATH = YES;
				ONLY_ACTIVE_ARCH = YES;
				SDKROOT = iphoneos;
				SWIFT_ACTIVE_COMPILATION_CONDITIONS = DEBUG;
				SWIFT_OPTIMIZATION_LEVEL = "-Onone";
			};
			name = Debug;
		};
		922D7BB422B3284F005CFF4F /* Release */ = {
			isa = XCBuildConfiguration;
			buildSettings = {
				ALWAYS_SEARCH_USER_PATHS = NO;
				CLANG_ANALYZER_NONNULL = YES;
				CLANG_ANALYZER_NUMBER_OBJECT_CONVERSION = YES_AGGRESSIVE;
				CLANG_CXX_LANGUAGE_STANDARD = "gnu++14";
				CLANG_CXX_LIBRARY = "libc++";
				CLANG_ENABLE_MODULES = YES;
				CLANG_ENABLE_OBJC_ARC = YES;
				CLANG_ENABLE_OBJC_WEAK = YES;
				CLANG_WARN_BLOCK_CAPTURE_AUTORELEASING = YES;
				CLANG_WARN_BOOL_CONVERSION = YES;
				CLANG_WARN_COMMA = YES;
				CLANG_WARN_CONSTANT_CONVERSION = YES;
				CLANG_WARN_DEPRECATED_OBJC_IMPLEMENTATIONS = YES;
				CLANG_WARN_DIRECT_OBJC_ISA_USAGE = YES_ERROR;
				CLANG_WARN_DOCUMENTATION_COMMENTS = YES;
				CLANG_WARN_EMPTY_BODY = YES;
				CLANG_WARN_ENUM_CONVERSION = YES;
				CLANG_WARN_INFINITE_RECURSION = YES;
				CLANG_WARN_INT_CONVERSION = YES;
				CLANG_WARN_NON_LITERAL_NULL_CONVERSION = YES;
				CLANG_WARN_OBJC_IMPLICIT_RETAIN_SELF = YES;
				CLANG_WARN_OBJC_LITERAL_CONVERSION = YES;
				CLANG_WARN_OBJC_ROOT_CLASS = YES_ERROR;
				CLANG_WARN_RANGE_LOOP_ANALYSIS = YES;
				CLANG_WARN_STRICT_PROTOTYPES = YES;
				CLANG_WARN_SUSPICIOUS_MOVE = YES;
				CLANG_WARN_UNGUARDED_AVAILABILITY = YES_AGGRESSIVE;
				CLANG_WARN_UNREACHABLE_CODE = YES;
				CLANG_WARN__DUPLICATE_METHOD_MATCH = YES;
				CODE_SIGN_IDENTITY = "iPhone Developer";
				COPY_PHASE_STRIP = NO;
				DEBUG_INFORMATION_FORMAT = "dwarf-with-dsym";
				ENABLE_NS_ASSERTIONS = NO;
				ENABLE_STRICT_OBJC_MSGSEND = YES;
				GCC_C_LANGUAGE_STANDARD = gnu11;
				GCC_NO_COMMON_BLOCKS = YES;
				GCC_WARN_64_TO_32_BIT_CONVERSION = YES;
				GCC_WARN_ABOUT_RETURN_TYPE = YES_ERROR;
				GCC_WARN_UNDECLARED_SELECTOR = YES;
				GCC_WARN_UNINITIALIZED_AUTOS = YES_AGGRESSIVE;
				GCC_WARN_UNUSED_FUNCTION = YES;
				GCC_WARN_UNUSED_VARIABLE = YES;
				IPHONEOS_DEPLOYMENT_TARGET = 12.2;
				MTL_ENABLE_DEBUG_INFO = NO;
				MTL_FAST_MATH = YES;
				SDKROOT = iphoneos;
				SWIFT_COMPILATION_MODE = wholemodule;
				SWIFT_OPTIMIZATION_LEVEL = "-O";
				VALIDATE_PRODUCT = YES;
			};
			name = Release;
		};
		922D7BB622B3284F005CFF4F /* Debug */ = {
			isa = XCBuildConfiguration;
			baseConfigurationReference = 586C72C33BEC449B1582B2B3 /* Pods-iOS-movie-project.debug.xcconfig */;
			buildSettings = {
				ASSETCATALOG_COMPILER_APPICON_NAME = AppIcon;
				CODE_SIGN_STYLE = Automatic;
				DEVELOPMENT_TEAM = XPU7SMD2HV;
				INFOPLIST_FILE = "iOS-movie-project/Info.plist";
				IPHONEOS_DEPLOYMENT_TARGET = 11.0;
				LD_RUNPATH_SEARCH_PATHS = (
					"$(inherited)",
					"@executable_path/Frameworks",
				);
				PRODUCT_BUNDLE_IDENTIFIER = "obligatorio.iOS-movie-project";
				PRODUCT_NAME = "$(TARGET_NAME)";
				SWIFT_VERSION = 5.0;
				TARGETED_DEVICE_FAMILY = "1,2";
			};
			name = Debug;
		};
		922D7BB722B3284F005CFF4F /* Release */ = {
			isa = XCBuildConfiguration;
			baseConfigurationReference = 391A37DA8864940DEB62A650 /* Pods-iOS-movie-project.release.xcconfig */;
			buildSettings = {
				ASSETCATALOG_COMPILER_APPICON_NAME = AppIcon;
				CODE_SIGN_STYLE = Automatic;
				DEVELOPMENT_TEAM = XPU7SMD2HV;
				INFOPLIST_FILE = "iOS-movie-project/Info.plist";
				IPHONEOS_DEPLOYMENT_TARGET = 11.0;
				LD_RUNPATH_SEARCH_PATHS = (
					"$(inherited)",
					"@executable_path/Frameworks",
				);
				PRODUCT_BUNDLE_IDENTIFIER = "obligatorio.iOS-movie-project";
				PRODUCT_NAME = "$(TARGET_NAME)";
				SWIFT_VERSION = 5.0;
				TARGETED_DEVICE_FAMILY = "1,2";
			};
			name = Release;
		};
/* End XCBuildConfiguration section */

/* Begin XCConfigurationList section */
		922D7B9E22B3284C005CFF4F /* Build configuration list for PBXProject "iOS-movie-project" */ = {
			isa = XCConfigurationList;
			buildConfigurations = (
				922D7BB322B3284F005CFF4F /* Debug */,
				922D7BB422B3284F005CFF4F /* Release */,
			);
			defaultConfigurationIsVisible = 0;
			defaultConfigurationName = Release;
		};
		922D7BB522B3284F005CFF4F /* Build configuration list for PBXNativeTarget "iOS-movie-project" */ = {
			isa = XCConfigurationList;
			buildConfigurations = (
				922D7BB622B3284F005CFF4F /* Debug */,
				922D7BB722B3284F005CFF4F /* Release */,
			);
			defaultConfigurationIsVisible = 0;
			defaultConfigurationName = Release;
		};
/* End XCConfigurationList section */
	};
	rootObject = 922D7B9B22B3284C005CFF4F /* Project object */;
}
